<?xml version="1.0" encoding="UTF-8"?>
<Scheme
   version = "1.3">
   <BuildAction>
      <BuildActionEntries>
         <BuildActionEntry
            buildForRunning = "YES">
            <BuildableReference
               BuildableIdentifier = "primary"
               BlueprintIdentifier = "79D193EB1AF3769F002A65A9"
               BuildableName = "SpectaTest.app"
               BlueprintName = "SpectaTest"
               ReferencedContainer = "container:SpectaTest.xcodeproj">
            </BuildableReference>
         </BuildActionEntry>
      </BuildActionEntries>
   </BuildAction>
   <LaunchAction
      useCustomWorkingDirectory = "NO"
      buildConfiguration = "Debug">
      <BuildableProductRunnable>
         <BuildableReference
            BuildableIdentifier = "primary"
            BlueprintIdentifier = "79D193EB1AF3769F002A65A9"
            BuildableName = "SpectaTest.app"
            BlueprintName = "SpectaTest"
            ReferencedContainer = "container:SpectaTest.xcodeproj">
         </BuildableReference>
      </BuildableProductRunnable>
   </LaunchAction>
</Scheme>
